{
  "name": "township-small-business-bot",
  "version": "1.0.0",
  "lockfileVersion": 1,
  "requires": true,
  "dependencies": {
    "string-width-cjs": {
      "version": "5.1.1",
      "resolved": "https://registry.npmjs.org/string-width-cjs/-/string-width-cjs-5.1.1.tgz",
      "integrity": "sha512-N5/f0RNFtXPNDLtEvo8Y/+mH4xZWzIAnnqXPzCB4BBAQL8P3sHlz0dqDzTkGQoVsL56aCsORFFlyvA70k5yq3A=="
    }
  }
}
